
Microsoft Visual Studio Solution File, Format Version 12.00
# Visual Studio 2012
Project("{8BC9CEB8-8B4A-11D0-8D11-00A0C91BC942}") = "lsocket", "lsocket.vcxproj", "{89606EAB-4F95-47D8-8332-11446DD4A043}"
EndProject
Global
	GlobalSection(SolutionConfigurationPlatforms) = preSolution
		Debug|Win32 = Debug|Win32
		Release|Win32 = Release|Win32
	EndGlobalSection
	GlobalSection(ProjectConfigurationPlatforms) = postSolution
		{89606EAB-4F95-47D8-8332-11446DD4A043}.Debug|Win32.ActiveCfg = Debug|Win32
		{89606EAB-4F95-47D8-8332-11446DD4A043}.Debug|Win32.Build.0 = Debug|Win32
		{89606EAB-4F95-47D8-8332-11446DD4A043}.Release|Win32.ActiveCfg = Release|Win32
		{89606EAB-4F95-47D8-8332-11446DD4A043}.Release|Win32.Build.0 = Release|Win32
	EndGlobalSection
	GlobalSection(SolutionProperties) = preSolution
		HideSolutionNode = FALSE
	EndGlobalSection
EndGlobal
